version = 1
revision = 3
requires-python = ">=3.12"

[[package]]
name = "beautifulsoup4"
version = "4.15.0"
source = { registry = "https://pypi.org/simple" }
dependencies = [
    { name = "soupsieve" },
    { name = "typing-extensions" },
]
sdist = { url = "https://files.pythonhosted.org/packages/43/65/318323f98dbee45d42dff61d8f047181bc6f2268a9068cfad035a46be5af/beautifulsoup4-4.15.0.tar.gz", hash = "sha256:288e3ca7d54b06f2ac191970bc275c1939cb46d450b255bf6718b04aa37ab4f7", size = 632571, upload-time = "2026-06-07T16:44:20.453Z" }
wheels = [
    { url = "https://files.pythonhosted.org/packages/88/c6/92fcd42f1ba33e1184263f25bfabf3d27c383410470f169e4b8163bf9c17/beautifulsoup4-4.15.0-py3-none-any.whl", hash = "sha256:d6f88de62e1d4e38ecb1077eb9724cd0eff29d2a08ca16a401e9b9e93f117cf9", size = 109924, upload-time = "2026-06-07T16:44:21.566Z" },
]

[[package]]
name = "cssselect"
version = "1.5.0"
source = { registry = "https://pypi.org/simple" }
sdist = { url = "https://files.pythonhosted.org/packages/8e/5a/6d6fcf922709391fac986f0a03ad4546f4f45b94d10aeb6c1ee041599993/cssselect-1.5.0.tar.gz", hash = "sha256:3cbe82dd7acbee9ba9e5723b5f9e4749826912f1fb31cd7f92aabed5fde15b15", size = 47598, upload-time = "2026-07-27T09:17:34.189Z" }
wheels = [
    { url = "https://files.pythonhosted.org/packages/60/e9/6734502f67533a752ea8b1c8f7f227c94eecf300252ba8bf23e3e59d8a36/cssselect-1.5.0-py3-none-any.whl", hash = "sha256:1d1aded98e82bdde447ded990a191fd6916177c4f0c914fb62eccd58e2ffcdcc", size = 20797, upload-time = "2026-07-27T09:17:33.04Z" },
]

[[package]]
name = "lxml"
version = "6.1.3"
source = { registry = "https://pypi.org/simple" }
sdist = { url = "https://files.pythonhosted.org/packages/23/ad/28ecd7cb894d172f3c9c80a075eeeb2017ac62e3632cee05a5f9493547eb/lxml-6.1.3.tar.gz", hash = "sha256:45222d94ddd511536f3b2f7d9deae3b2339b4ce0f075f1ca25703b07cad9dd21", size = 4211198, upload-time = "2026-09-02T14:48:02.287Z" }
wheels = [
    { url = "https://files.pythonhosted.org/packages/dd/1f/a180b57d9eeabaab77f9d5aa30356898ea749c4795596a8f66d1eb6bef2e/lxml-6.1.3-cp312-cp312-macosx_10_13_universal2.whl", hash = "sha256:0c0710ac085a157b593c38fbcacd950f15c4afa8e2057527185875ab302752bc", size = 8602094, upload-time = "2026-09-02T14:47:26.054Z" },
    { url = "https://files.pythonhosted.org/packages/a8/25/070c92013a1c029a602b03560d68772313d918268667fa993da7961759c9/lxml-6.1.3-cp312-cp312-macosx_10_13_x86_64.whl", hash = "sha256:623c8799c17128753c65699f1c3aa32402657393a9ad6db09ed8b98ddf76611d", size = 4638308, upload-time = "2026-09-02T14:47:29.587Z" },
    { url = "https://files.pythonhosted.org/packages/1e/1c/722e88883173097a1a375153e3c2447eba3060d0231522cf6596e99f4195/lxml-6.1.3-cp312-cp312-manylinux2014_aarch64.manylinux_2_17_aarch64.whl", hash = "sha256:f683dc6300317700025e41d89a43e0276692ded16113a3c43eab704d605c58e5", size = 4939696, upload-time = "2026-09-02T14:47:32.997Z" },
    { url = "https://files.pythonhosted.org/packages/db/36/aa413bc214dc4f785ad2b2ddd8cc99aae7062d49ab155e91e6011af00daf/lxml-6.1.3-cp312-cp312-manylinux2014_x86_64.manylinux_2_17_x86_64.whl", hash = "sha256:379f8a75cf6eb7eef0af074b55f49ab73b868388a98de14646abcdfa4564bb11", size = 5105247, upload-time = "2026-09-02T14:47:36.734Z" },
    { url = "https://files.pythonhosted.org/packages/a3/a0/a1f7f1313795bfec67b77f01ef3b1128d49f2d7f66a8413fa55d47f4e25f/lxml-6.1.3-cp312-cp312-manylinux_2_26_aarch64.manylinux_2_28_aarch64.whl", hash = "sha256:b37772102d44bb6628186accca3a121b1fa3a6b3d97518a8c29a5229ca4c0d0a", size = 5011915, upload-time = "2026-09-02T14:47:39.846Z" },
    { url = "https://files.pythonhosted.org/packages/b9/78/840e7e3f1d0cc7a5cfac5d8505b97e25b6427fd774ac4bae672aaebfb4b5/lxml-6.1.3-cp312-cp312-manylinux_2_26_ppc64le.manylinux_2_28_ppc64le.whl", hash = "sha256:ddcf547bea2aee967d6a77779376a45e77e610e8465147a1f3d7e20d539d6e32", size = 5638175, upload-time = "2026-09-02T14:47:43.644Z" },
    { url = "https://files.pythonhosted.org/packages/0a/20/e022dbc6b4753a9bc9fc5fb28a27163430c1731b9913997f6544c1b2518c/lxml-6.1.3-cp312-cp312-manylinux_2_26_x86_64.manylinux_2_28_x86_64.whl", hash = "sha256:909f4e927bb051f7740d6367285fc60cdcfdaf0258c2dba4ff5ba7eadadc250c", size = 5244675, upload-time = "2026-09-02T14:47:47.635Z" },
    { url = "https://files.pythonhosted.org/packages/99/83/82cde81d2b5eb38d1539fdfdf318abdd014a7e604f4df01c9cd3deb18f2a/lxml-6.1.3-cp312-cp312-manylinux_2_28_i686.whl", hash = "sha256:a5c18810318303ce9afb3f95e2ddb54834f96fa699a8600433fd5a93dcf44c56", size = 5358205, upload-time = "2026-09-02T14:47:50.306Z" },
    { url = "https://files.pythonhosted.org/packages/d2/a1/f3b057371c8cb29f2a9c9c44ea320592446e40b74a4b0af68c3d8e65bc73/lxml-6.1.3-cp312-cp312-manylinux_2_31_armv7l.whl", hash = "sha256:3e42265103fb385d8642a78672edf376c6f7e1d3598a7a4f9cb1278f2f6b5f6f", size = 4704495, upload-time = "2026-09-02T14:47:53.251Z" },
    { url = "https://files.pythonhosted.org/packages/1a/a4/230eb28be5d412152ffc3c679b51fe1aeede5a53f3a8eb6e9748f2f4754f/lxml-6.1.3-cp312-cp312-manylinux_2_38_riscv64.manylinux_2_39_riscv64.whl", hash = "sha256:21402998e4b78e7cce237d2788841aaa21ac9a4d1574d04dc2d12ee41ae807b5", size = 5255117, upload-time = "2026-09-02T14:47:55.963Z" },
    { url = "https://files.pythonhosted.org/packages/a3/18/1969f56763af24ce42ea156007b0b2d73fddea552e283b2010416394f0f4/lxml-6.1.3-cp312-cp312-musllinux_1_2_aarch64.whl", hash = "sha256:38fc4e4e4e084e0bd491949482527d406788045c546d4f8789e93fc527b91385", size = 5054424, upload-time = "2026-09-02T14:47:58.131Z" },
    { url = "https://files.pythonhosted.org/packages/f4/d4/2a90acc1f6fabaa3a8db9340437822bd8d041b205d626a4b3e8621aaa390/lxml-6.1.3-cp312-cp312-musllinux_1_2_armv7l.whl", hash = "sha256:5609efdb0d3c95499c00046bc53648b3482ec2175b5503d6e611b3f0555dc71d", size = 4785572, upload-time = "2026-09-02T14:48:01.029Z" },
    { url = "https://files.pythonhosted.org/packages/a5/1e/b90e845b1dcd0f2f3f26b98283d857f25909223aacd265eee032c34ab8b1/lxml-6.1.3-cp312-cp312-musllinux_1_2_ppc64le.whl", hash = "sha256:97ce49699d87ebf8aad631b55d65b33219a4f1bfefbbf5bff19dc9af160aeaf9", size = 5656516, upload-time = "2026-09-02T14:48:03.419Z" },
    { url = "https://files.pythonhosted.org/packages/eb/ab/0a1b802c57f3fba5c4efd77d5c6b78adaa8f7b681f0c90456b140fe8bf6c/lxml-6.1.3-cp312-cp312-musllinux_1_2_riscv64.whl", hash = "sha256:48542c9acba9ff9450bd18d871d2c2c8787fdb283572b623d206f1b927cd7d9e", size = 5245982, upload-time = "2026-09-02T14:48:06.109Z" },
    { url = "https://files.pythonhosted.org/packages/da/ee/2c016fbceb3778137459292538d9dfa7e3ad9070fe409c15254ddd90d2cc/lxml-6.1.3-cp312-cp312-musllinux_1_2_x86_64.whl", hash = "sha256:c55e71a9b1db1f107efb60da49c093689b74c5c31a708e5379e2fd9439d4fbb5", size = 5267340, upload-time = "2026-09-02T14:48:08.374Z" },
    { url = "https://files.pythonhosted.org/packages/9c/b1/736d18fd6f0835761923b7bac1f0c27d60c1200384e9093f05d8c5100525/lxml-6.1.3-cp312-cp312-win32.whl", hash = "sha256:b3ff39654f0ce6ebd4db154211136dbe7e8157bcc3bed2344c87f32c7c6ecb6c", size = 3602606, upload-time = "2026-09-02T14:48:10.384Z" },
    { url = "https://files.pythonhosted.org/packages/3a/5b/6ed903e4e6278a020c8a6f0dbbe78030d041840a6b4a64ea441a1e414077/lxml-6.1.3-cp312-cp312-win_amd64.whl", hash = "sha256:3e9a00d1c2c30936f7add097c41afc5da6556c580909104aafd382cac92a855c", size = 4005999, upload-time = "2026-09-02T14:48:12.51Z" },
    { url = "https://files.pythonhosted.org/packages/e4/1b/7bcebb7b6332cb3ae85e9c13b139adb6f23f75c71d84041c56a5005d9a29/lxml-6.1.3-cp312-cp312-win_arm64.whl", hash = "sha256:1aeca87830c4fe649dcf93fe2b059525b71c72587f21be4ae4af7103082a79fa", size = 3666631, upload-time = "2026-09-02T14:48:14.567Z" },
    { url = "https://files.pythonhosted.org/packages/52/05/3ef45db776baea068044c799bbba68f3ca00a440c0e930a17c572f3d9639/lxml-6.1.3-cp313-cp313-macosx_10_13_universal2.whl", hash = "sha256:3a48093cdb058a93af842ede9703520e810b05dcd0fc6d7190a06376c3bfb6bd", size = 8590357, upload-time = "2026-09-02T14:48:17.413Z" },
    { url = "https://files.pythonhosted.org/packages/8c/a5/eee2fc77eee5ea68e4a4334b1def1781a3beaeefd3d98e81b4a38dc447b7/lxml-6.1.3-cp313-cp313-macosx_10_13_x86_64.whl", hash = "sha256:887c021d9a977cff89cb273047c1352997b772a8908a25c21836861f69b92be1", size = 4632616, upload-time = "2026-09-02T14:48:20.745Z" },
    { url = "https://files.pythonhosted.org/packages/35/42/df27b56848acd29d8a720acc28977911aab36f2a09df4208d5502e887415/lxml-6.1.3-cp313-cp313-manylinux2014_aarch64.manylinux_2_17_aarch64.whl", hash = "sha256:611a51e61c92f62345a50b0035df6fc0d678f9299f33728826d831598862f59d", size = 4936186, upload-time = "2026-09-02T14:48:22.94Z" },
    { url = "https://files.pythonhosted.org/packages/ab/8d/8a7b91df0b54d09d25f5f44885d6b3e0a6d6643a8c070191580318d20c42/lxml-6.1.3-cp313-cp313-manylinux2014_x86_64.manylinux_2_17_x86_64.whl", hash = "sha256:b477912f42c5c33405a10c759d22f80cf5af043ae02d95b9d8e5e5bc555739ed", size = 5093324, upload-time = "2026-09-02T14:48:25.132Z" },
    { url = "https://files.pythonhosted.org/packages/c6/7e/8f340ddcd43790332fb0de8a26628d571a492da3300cd191821698407c96/lxml-6.1.3-cp313-cp313-manylinux_2_26_aarch64.manylinux_2_28_aarch64.whl", hash = "sha256:5cffe18571ccc51d742cd08cbb3f8b756de9311d18c7ea98f5d92f37b8fb60c2", size = 4998850, upload-time = "2026-09-02T14:48:27.394Z" },
    { url = "https://files.pythonhosted.org/packages/c5/c1/9c5bb572f1f09ec9e4322bd4a4e9f4ad48347fc56ef94cf4df58a5279dc8/lxml-6.1.3-cp313-cp313-manylinux_2_26_ppc64le.manylinux_2_28_ppc64le.whl", hash = "sha256:75cc6569e86be5785b6188ef1642670c6adbc984e81ec35e224842ecd9eefcc8", size = 5626813, upload-time = "2026-09-02T14:48:29.61Z" },
    { url = "https://files.pythonhosted.org/packages/ac/7d/8bf1fd8bae8247743968bb76d027a1ac5bd2c4b44495fba6a71b30d10706/lxml-6.1.3-cp313-cp313-manylinux_2_26_x86_64.manylinux_2_28_x86_64.whl", hash = "sha256:d85dfab42dd672f87a7f76e9de7172962aee69fa12044f0d6e1a23cbd53fb80e", size = 5232385, upload-time = "2026-09-02T14:48:31.969Z" },
    { url = "https://files.pythonhosted.org/packages/7b/2e/6cef69ed81cb7df0d03b0dd09d08e6e2cf5061a743ff6f42f0b741548e9b/lxml-6.1.3-cp313-cp313-manylinux_2_28_i686.whl", hash = "sha256:42632b4024ab24a6b488f559ac851312509888b6b80ae2aa11cf29a646a0d245", size = 5347088, upload-time = "2026-09-02T14:48:34.13Z" },
    { url = "https://files.pythonhosted.org/packages/5f/e1/8e5fd8ddc8c7d685badb0f2db149e3c9da84eefc2827c01c658df2c4e3cb/lxml-6.1.3-cp313-cp313-manylinux_2_31_armv7l.whl", hash = "sha256:febd35ef45f603c2d74b74655efdbf45e14f55fc0aef4ac82b663ca829b283e0", size = 4707227, upload-time = "2026-09-02T14:48:36.62Z" },
    { url = "https://files.pythonhosted.org/packages/7a/7e/00041382a11be40a88bf405ebff11c8efabd3de79f2691e1638b1c47a8a0/lxml-6.1.3-cp313-cp313-manylinux_2_38_riscv64.manylinux_2_39_riscv64.whl", hash = "sha256:a43b3bdf11e477dc7770609d3477316f974354dfc8425d596f64f471cc8daf6e", size = 5240208, upload-time = "2026-09-02T14:48:38.893Z" },
    { url = "https://files.pythonhosted.org/packages/fd/fe/316538b5cff0936fa63d45d421c655730fcbb5a28dcac728c175083002bc/lxml-6.1.3-cp313-cp313-musllinux_1_2_aarch64.whl", hash = "sha256:5d582042c69857c364e8153de6e18e0da9b7b515a6a8113caf69a6ec8e0520f2", size = 5050271, upload-time = "2026-09-02T14:48:41.213Z" },
    { url = "https://files.pythonhosted.org/packages/c9/91/455bcccb3ac725373007344d351151810cd19762d1673b64b811f4359a42/lxml-6.1.3-cp313-cp313-musllinux_1_2_armv7l.whl", hash = "sha256:8e49a646acfab83c68974f4aa1d0a2acca9e88d7d627ae0fc13201b14b76d310", size = 4780433, upload-time = "2026-09-02T14:48:43.779Z" },
    { url = "https://files.pythonhosted.org/packages/cb/f6/580440e2f52cf00bba5c5e1080bfa88cdfcde73be71a11d95170ddbb663f/lxml-6.1.3-cp313-cp313-musllinux_1_2_ppc64le.whl", hash = "sha256:0dee106e9aa97fb00541b1ed7827070564d0549c3d3fba8920e6b20fd980f748", size = 5645928, upload-time = "2026-09-02T14:48:46.187Z" },
    { url = "https://files.pythonhosted.org/packages/f6/dc/d123c1f244306543d545f62443f794959e4f1ea709fe100f8740d514e74a/lxml-6.1.3-cp313-cp313-musllinux_1_2_riscv64.whl", hash = "sha256:dd5e90f34cffcfed97f36cf066325773d2b6021c60c29942e53a18b028501b1d", size = 5231184, upload-time = "2026-09-02T14:48:48.691Z" },
    { url = "https://files.pythonhosted.org/packages/c3/3c/fe55b2bd5c6113c906511cd88f6a470195c5fbff1124f19970ab706c3477/lxml-6.1.3-cp313-cp313-musllinux_1_2_x86_64.whl", hash = "sha256:d9b3e7d71bf6acff341233417abbdface29c647e3113892d9aaedc02eb4aa2bc", size = 5255814, upload-time = "2026-09-02T14:48:50.948Z" },
    { url = "https://files.pythonhosted.org/packages/e7/a7/485df55acf55dc35e4ca89d2f48f03889e5a3241826b18b85102b32ce9d8/lxml-6.1.3-cp313-cp313-win32.whl", hash = "sha256:160fcf381f76c3aeac28a756bec44f48942a8f7245a87aa28e3a523b4d90cd87", size = 3602214, upload-time = "2026-09-02T14:48:53.236Z" },
    { url = "https://files.pythonhosted.org/packages/c0/28/e46a7702bd95e9043291f7c3539b6184cba66f96cea9936f20939b284eeb/lxml-6.1.3-cp313-cp313-win_amd64.whl", hash = "sha256:e477aca0bc0d19f3b4ae9e4f2a1cfd687c31bf772d78734910658186b40b2477", size = 4004091, upload-time = "2026-09-02T14:48:55.699Z" },
    { url = "https://files.pythonhosted.org/packages/8a/1d/154c78e20479a43916e63f19cb720d83f44f024b03228be44c92d9a97b24/lxml-6.1.3-cp313-cp313-win_arm64.whl", hash = "sha256:b1cc980905221a5d8b3c476330730b3adb40ff80add71ffbdb6215ba055656f1", size = 3665468, upload-time = "2026-09-02T14:48:57.703Z" },
    { url = "https://files.pythonhosted.org/packages/0c/15/fc75a70b0af6021d0ea16811f1fc71cc42cd06ce90fe10f007a69b2eed84/lxml-6.1.3-cp314-cp314-macosx_10_15_universal2.whl", hash = "sha256:2bec13085dc8ef48a3fe62f7dfcacfeda2c785cdf19cc8eeda2bb9ed081da165", size = 8609725, upload-time = "2026-09-02T14:49:00.156Z" },
    { url = "https://files.pythonhosted.org/packages/84/ef/398fcf9018f881ec9aeaafae1ddd6586dfb13314a35d35e899de373dcae0/lxml-6.1.3-cp314-cp314-macosx_10_15_x86_64.whl", hash = "sha256:4f4db7c7e954d289d71878938348b3d91b904a3e8210a11939359fb758a58e7d", size = 4639629, upload-time = "2026-09-02T14:49:02.81Z" },
    { url = "https://files.pythonhosted.org/packages/a7/2d/49b6a6ad7ce8f64b07b9fe852ff0c6d3fcbb26db61bee4f63d4120180a1c/lxml-6.1.3-cp314-cp314-manylinux2014_aarch64.manylinux_2_17_aarch64.whl", hash = "sha256:2cae5d5c90a62d9139c512a0cb1aad1d182b022b5740daea2617eb5bf7fc658e", size = 4965074, upload-time = "2026-09-02T14:49:05.133Z" },
    { url = "https://files.pythonhosted.org/packages/66/bc/6230cf80e4331c33383b0b6b73dc31a393dd76edd4cb73d761de5123034d/lxml-6.1.3-cp314-cp314-manylinux2014_x86_64.manylinux_2_17_x86_64.whl", hash = "sha256:c6c0c13128a32eb04a51357e56a094e13aa8e6d3d1884de2e9ae923f6915e1a8", size = 5099355, upload-time = "2026-09-02T14:49:07.343Z" },
    { url = "https://files.pythonhosted.org/packages/ac/cf/d1143d9b7717e07a82f158a1fc9ce6e581fdad1226734950af869e3ffde4/lxml-6.1.3-cp314-cp314-manylinux_2_26_aarch64.manylinux_2_28_aarch64.whl", hash = "sha256:2221e88679d1351e9a40aaee54bc65679b9795bbd0160bc3d5e36b163344eb75", size = 5036795, upload-time = "2026-09-02T14:49:09.65Z" },
    { url = "https://files.pythonhosted.org/packages/31/6f/194bb00ffb89712c30f5a7e1b8e685590e140fad6c8261fec172c09a3dc0/lxml-6.1.3-cp314-cp314-manylinux_2_26_ppc64le.manylinux_2_28_ppc64le.whl", hash = "sha256:cfb398886a7eb4c719161c3efcff2a1248febc53a4d8e5072d2d8a87fed84ac9", size = 5658740, upload-time = "2026-09-02T14:49:11.9Z" },
    { url = "https://files.pythonhosted.org/packages/e9/44/27e3cee3dcdb3b7bc09727b642bdbfcd098490ea77df04611db9060d7722/lxml-6.1.3-cp314-cp314-manylinux_2_26_x86_64.manylinux_2_28_x86_64.whl", hash = "sha256:a7eb78ba28b187e1e9203a55c60fcf70df2d22cb205fe6d51b9383d6097419f0", size = 5245991, upload-time = "2026-09-02T14:49:14.154Z" },
    { url = "https://files.pythonhosted.org/packages/ca/e9/8312560579fc980bbd2233a8a673cc46f7d613d3633f2bf08a21e8f4ad13/lxml-6.1.3-cp314-cp314-manylinux_2_28_i686.whl", hash = "sha256:ea6b1e9105b4b24a34c722432d9fb578f9ed83af21fa1abda639011e0f22bbb6", size = 5354136, upload-time = "2026-09-02T14:49:16.459Z" },
    { url = "https://files.pythonhosted.org/packages/74/d8/eda60f4f73a9c780b5d6e1175484f66e6c81a2c93346e2906a1fec9c7a02/lxml-6.1.3-cp314-cp314-manylinux_2_31_armv7l.whl", hash = "sha256:e8b17e23df3e827a69d25af70990ca2420e92668aaffaeeb3cd2351d7916a023", size = 4704379, upload-time = "2026-09-02T14:49:19.032Z" },
    { url = "https://files.pythonhosted.org/packages/ba/c8/c9cc60057be78ac34bd2b842e45e6e88edbfe5e532e82c3b82381b7aab49/lxml-6.1.3-cp314-cp314-manylinux_2_38_riscv64.manylinux_2_39_riscv64.whl", hash = "sha256:1b7c37339d7e75cab9a123a04248e243cefefb302ad6db566ea0c77cbcde421e", size = 5258676, upload-time = "2026-09-02T14:49:21.306Z" },
    { url = "https://files.pythonhosted.org/packages/41/7b/66894008fee8d1785b8db129747ae963fd427b68f456918df7f2f24a8b98/lxml-6.1.3-cp314-cp314-musllinux_1_2_aarch64.whl", hash = "sha256:83e3a51e7933db700a0da0db31849db3a24022d9970da9bb73001e1d0326fd92", size = 5090069, upload-time = "2026-09-02T14:49:23.562Z" },
    { url = "https://files.pythonhosted.org/packages/8b/31/c1b60404859f4c3cd1f41f29c65a24e25cea78fde822d9574a21f66810be/lxml-6.1.3-cp314-cp314-musllinux_1_2_armv7l.whl", hash = "sha256:9bde9ae026a55b9a192078dfa6e27dd0ca4a050171ab6272e92f97b757dfdf48", size = 4741958, upload-time = "2026-09-02T14:49:26.037Z" },
    { url = "https://files.pythonhosted.org/packages/23/b8/6285f0cf546f14da2554cabdeaf7c2c2ff3190c74807f0de2e8810a786f9/lxml-6.1.3-cp314-cp314-musllinux_1_2_ppc64le.whl", hash = "sha256:1a635e837b50a1819bebfedaac5916498ea024120969da8790500148fb0a894d", size = 5683245, upload-time = "2026-09-02T14:49:28.438Z" },
    { url = "https://files.pythonhosted.org/packages/d3/f6/2168cab44336dcb15fed0f0b78577225b83297cdf0dee349c95420c3dcb0/lxml-6.1.3-cp314-cp314-musllinux_1_2_riscv64.whl", hash = "sha256:d0c5c362bc94f1929dc7e96e715bbe7bd17037f802e6d8f0d1545df9133c0559", size = 5246087, upload-time = "2026-09-02T14:49:30.955Z" },
    { url = "https://files.pythonhosted.org/packages/f5/89/32f5de69a0a31f30e6164981851f87b37ecb2c4ee838e504b88d49d4818e/lxml-6.1.3-cp314-cp314-musllinux_1_2_x86_64.whl", hash = "sha256:c59e4265608da6a041f54646ecc0c9ecdbb19aaf14c4c684bb6c2114998cc415", size = 5269352, upload-time = "2026-09-02T14:49:33.502Z" },
    { url = "https://files.pythonhosted.org/packages/a2/a1/741d952ed3a7ef7a50055c6415aec3f067015e97f72f4389ce77b09657ba/lxml-6.1.3-cp314-cp314-win32.whl", hash = "sha256:2e62c569ec7531b679b184cbfe335c501c1d13c4b363560013019962eb630e6d", size = 3662783, upload-time = "2026-09-02T14:50:23.751Z" },
    { url = "https://files.pythonhosted.org/packages/0f/bc/5811cc73cac05e324e05ba9b0924e1a163a317a167ede8a9c748b11db30a/lxml-6.1.3-cp314-cp314-win_amd64.whl", hash = "sha256:66299564c046bc7e0cc5de5106601eae907e9fa5904cd68a323380a8502f7861", size = 4073951, upload-time = "2026-09-02T14:50:26.348Z" },
    { url = "https://files.pythonhosted.org/packages/92/18/3768c8b01ac3a9bed1914715e6011711b00e2a11628ffa6f7fa37f8e0269/lxml-6.1.3-cp314-cp314-win_arm64.whl", hash = "sha256:ebd054ad1737a68fb7c5c073d405cef2b88bb824e294de3b4a4e995b47f0e376", size = 3749279, upload-time = "2026-09-02T14:50:28.749Z" },
    { url = "https://files.pythonhosted.org/packages/72/38/84684784738d9451db2b330de2483f496690c3a5c642071df24135739b37/lxml-6.1.3-cp314-cp314t-macosx_10_15_universal2.whl", hash = "sha256:5a143e6207579de8baeded4eaac9134413200359f1969d636f0bfb98ee8c3c8f", size = 8860296, upload-time = "2026-09-02T14:49:36.346Z" },
    { url = "https://files.pythonhosted.org/packages/24/b7/fc4c50bb1b38e864010ea396046cabe85129bf9e65b11edcfbc37d356241/lxml-6.1.3-cp314-cp314t-macosx_10_15_x86_64.whl", hash = "sha256:a1cec0f99b9b914d39176347a93b7610dc09324491aee1cbc57cd291a41a1d55", size = 4755190, upload-time = "2026-09-02T14:49:39.872Z" },
    { url = "https://files.pythonhosted.org/packages/94/e2/ee9aa6ed2b666b2db1f6f7fd48964ff9da39ebe827ef5eac0ab881f639d9/lxml-6.1.3-cp314-cp314t-manylinux2014_aarch64.manylinux_2_17_aarch64.whl", hash = "sha256:f6b9d2aad499c769ee8287609ab0e6de99d8bcea99c6e6c2e64945259fd52fb2", size = 4979517, upload-time = "2026-09-02T14:49:42.153Z" },
    { url = "https://files.pythonhosted.org/packages/29/e3/e7763d1661b283ddd4fa36f91b9a497db6b8d2aff55028b16c7f642e0755/lxml-6.1.3-cp314-cp314t-manylinux2014_x86_64.manylinux_2_17_x86_64.whl", hash = "sha256:28a23fefdb345b2d4d0ff2860571b5ff9a89a28b6a120f720e8fb0324d346626", size = 5115270, upload-time = "2026-09-02T14:49:44.493Z" },
    { url = "https://files.pythonhosted.org/packages/2d/cd/22205d5b4d177e3f4156f780412426ee7c7f8107809f119f0dcc40fa51e3/lxml-6.1.3-cp314-cp314t-manylinux_2_26_aarch64.manylinux_2_28_aarch64.whl", hash = "sha256:545ccc14fb05485f48b4439ec35beb16d5b5280eb6c81c658bd4707a2a119414", size = 5032449, upload-time = "2026-09-02T14:49:46.841Z" },
    { url = "https://files.pythonhosted.org/packages/da/43/06a4626c3bb79ef8c501b674afab8100d64e798665bb2a97d1c960636a49/lxml-6.1.3-cp314-cp314t-manylinux_2_26_ppc64le.manylinux_2_28_ppc64le.whl", hash = "sha256:93476b6514b373fc6ca67d26c442784f7807c86f00635bfe79f935c3eab2af17", size = 5603325, upload-time = "2026-09-02T14:49:49.664Z" },
    { url = "https://files.pythonhosted.org/packages/d0/9c/733682a0c2de9f5779ba207bbb3f3f6be8c6bda863fc01739b186b38783a/lxml-6.1.3-cp314-cp314t-manylinux_2_26_x86_64.manylinux_2_28_x86_64.whl", hash = "sha256:8db38ff3fb7aee7d6a82ae4da2eef1178656fe1216841fbd24870062a9d60473", size = 5229023, upload-time = "2026-09-02T14:49:52.447Z" },
    { url = "https://files.pythonhosted.org/packages/c6/8a/e69cdaca3fd33a647942925664f01b20908d41a6968c182305be9c38fb11/lxml-6.1.3-cp314-cp314t-manylinux_2_28_i686.whl", hash = "sha256:25f4118c438f96bb466e83108506d03d5c31b1bd2387e83e5b070bda6ded9c37", size = 5317811, upload-time = "2026-09-02T14:49:55.25Z" },
    { url = "https://files.pythonhosted.org/packages/2e/b2/0c397588174403c2ab68fc464abf97e03e7324f9c6cb6a99023104707195/lxml-6.1.3-cp314-cp314t-manylinux_2_31_armv7l.whl", hash = "sha256:1beb0f9909b26cee938df9ba56b15252a84429b1fc30ce6fca161390b9789a70", size = 4646516, upload-time = "2026-09-02T14:49:57.761Z" },
    { url = "https://files.pythonhosted.org/packages/56/7e/cfea25afafbe49db8b225764f7f74bb37c2a7f5e717d917d3d4a5e098ed4/lxml-6.1.3-cp314-cp314t-manylinux_2_38_riscv64.manylinux_2_39_riscv64.whl", hash = "sha256:3a27ac6c780c8b8a1cd231b58407634cafc1c4cc28cd6c7141362df0f36351e7", size = 5240626, upload-time = "2026-09-02T14:50:00.279Z" },
    { url = "https://files.pythonhosted.org/packages/a1/75/7a587771bb52ebb0e2c57b6dbe9fd96a70fbb54d72ddd97d54c5f8ec18d5/lxml-6.1.3-cp314-cp314t-musllinux_1_2_aarch64.whl", hash = "sha256:a1932d7ce78a561367512c594fe66eac2b2ec9b9264cfd9b5f950622f4a116e2", size = 5086619, upload-time = "2026-09-02T14:50:03.245Z" },
    { url = "https://files.pythonhosted.org/packages/1e/01/94c0ebe6d831861542d251e038052e52bf6d33f1d18f1cfffdc82851065a/lxml-6.1.3-cp314-cp314t-musllinux_1_2_armv7l.whl", hash = "sha256:7d0f5976aa2701996f759b30172925829867547bb073af0ae67d1307a0f0262c", size = 4758828, upload-time = "2026-09-02T14:50:05.873Z" },
    { url = "https://files.pythonhosted.org/packages/1f/f1/938d67bd0e5b1fdfa52be28aefdffbad57e1f6b8e921c2aab88542c75f40/lxml-6.1.3-cp314-cp314t-musllinux_1_2_ppc64le.whl", hash = "sha256:c5e7ce578aa8a80910a72a8ca0bbea3baae10100827249001999726a788456d8", size = 5627083, upload-time = "2026-09-02T14:50:08.555Z" },
    { url = "https://files.pythonhosted.org/packages/d8/65/4e51522f6c214650db0abb7b16ccd11b1238b8a05a8d59aa4ebed59c9f67/lxml-6.1.3-cp314-cp314t-musllinux_1_2_riscv64.whl", hash = "sha256:d97c5227621af74b111882a290b10f371780a38eef9d9e730408fba2259b52fb", size = 5235170, upload-time = "2026-09-02T14:50:11.255Z" },
    { url = "https://files.pythonhosted.org/packages/92/c2/e73d19365665f6b16ef84df21199befc3b06e4c539046ad2d9595f6fb9ea/lxml-6.1.3-cp314-cp314t-musllinux_1_2_x86_64.whl", hash = "sha256:da707f14ea3c35ee463d50acd596d6488e4b2b4ae7cf77a5bf93f55c023d63e8", size = 5252273, upload-time = "2026-09-02T14:50:13.782Z" },
    { url = "https://files.pythonhosted.org/packages/48/a9/7f386c84c9fe2854e1ca6e231c285e1c8f392971ac353c6865e6ec49faff/lxml-6.1.3-cp314-cp314t-win32.whl", hash = "sha256:9efe56a68179f3adc4de41861c9358931db03837c48dd5e1c78077b84dd07f3a", size = 3902712, upload-time = "2026-09-02T14:50:16.171Z" },
    { url = "https://files.pythonhosted.org/packages/82/a6/8a3eb793f7900ef01c7f99e6f5fcbcfbdff35251cfaef66b32a4c16352d6/lxml-6.1.3-cp314-cp314t-win_amd64.whl", hash = "sha256:c9389b3784b56c58d933b5e0aecdf28f901b073ff385358d8a7d40907f6e14b2", size = 4400979, upload-time = "2026-09-02T14:50:18.621Z" },
    { url = "https://files.pythonhosted.org/packages/cc/c4/3807bea283b4fe9e9d9f5dde46a73df91178472b335d2778e10b2a37aa22/lxml-6.1.3-cp314-cp314t-win_arm64.whl", hash = "sha256:32a409be3190b088f960ac92bfedfbef2f86c49ff940765e1548177592d20026", size = 3823401, upload-time = "2026-09-02T14:50:21.119Z" },
    { url = "https://files.pythonhosted.org/packages/e1/8e/4614fcd65496054cfb7172662f3576a59200278739506433b8c241ea422a/lxml-6.1.3-cp315-cp315-macosx_10_15_universal2.whl", hash = "sha256:6ea2f13dce778ca072ccee598bca46a092ce192e8fd907b6c1f0e52c800529a0", size = 8609378, upload-time = "2026-09-02T14:50:31.772Z" },
    { url = "https://files.pythonhosted.org/packages/f2/51/2cdce3c65fa99a6195dd8fbd512d33407c1000ad99f63e0a285b63d7a8eb/lxml-6.1.3-cp315-cp315-macosx_10_15_x86_64.whl", hash = "sha256:c581b1d68b3845fb86c6b2983e755b29bf001461c59fa411d2c26a911b6559a9", size = 4640022, upload-time = "2026-09-02T14:50:34.41Z" },
    { url = "https://files.pythonhosted.org/packages/52/09/0b30084e9eb1c546a4be3d9c56df70058d116b1a320400a59b0f7da87bf0/lxml-6.1.3-cp315-cp315-manylinux_2_26_aarch64.manylinux_2_28_aarch64.whl", hash = "sha256:2e01125896585139453cab8cb235893644d8815d7509520da95ae3ee8d1c1f79", size = 5037928, upload-time = "2026-09-02T14:50:37.007Z" },
    { url = "https://files.pythonhosted.org/packages/b8/0e/5c37275a3e361f6138dc06db748ea565c1fe8a5f4ee5e2ddd80047c81a89/lxml-6.1.3-cp315-cp315-manylinux_2_26_ppc64le.manylinux_2_28_ppc64le.whl", hash = "sha256:290f66b97ede0e552e1cb44a0fd8a74f9753ee635b50830a0b122fb72788d015", size = 5661932, upload-time = "2026-09-02T14:50:39.777Z" },
    { url = "https://files.pythonhosted.org/packages/70/c5/b71ffb289b15e2642e2a3cf6d468c44da39ea119061a99e5b05e3d10f217/lxml-6.1.3-cp315-cp315-manylinux_2_26_x86_64.manylinux_2_28_x86_64.whl", hash = "sha256:73fc05988ed20809450474ba760a87c8ad4e455fc09783c02195e56ec634b41a", size = 5249209, upload-time = "2026-09-02T14:50:42.141Z" },
    { url = "https://files.pythonhosted.org/packages/81/ea/9910da149a23932f9301652e57661cd9e42b0df18f12be21159b7255f92b/lxml-6.1.3-cp315-cp315-manylinux_2_31_armv7l.whl", hash = "sha256:dc3a44689eea43eab836e5c98a8ab015dc2419987d1ea6eafc7c590cdff86bed", size = 4704543, upload-time = "2026-09-02T14:50:44.634Z" },
    { url = "https://files.pythonhosted.org/packages/76/07/9290329cd188c62e22021f79df04ee0cc33d9a93b0d38bd65ccd452ad9d0/lxml-6.1.3-cp315-cp315-manylinux_2_38_riscv64.manylinux_2_39_riscv64.whl", hash = "sha256:209c3ccbfe35a04ac6d24f0611f9d1cbf8025d49991b14acd935236234d6c156", size = 5261298, upload-time = "2026-09-02T14:50:47.301Z" },
    { url = "https://files.pythonhosted.org/packages/c9/0c/aba78bd3401cd99b73a0aed8e2b9b43e14be94fab3603d4bbc8a62365f2a/lxml-6.1.3-cp315-cp315-musllinux_1_2_aarch64.whl", hash = "sha256:2f5b2a2b9811b853b39bfa41367c6d78747b8e3e80e07fc5a24aae295c1a4d7d", size = 5090453, upload-time = "2026-09-02T14:50:49.952Z" },
    { url = "https://files.pythonhosted.org/packages/8d/dc/fa4426c3355aa0216cbeb3911495b5f65a26e0df85859a89928fe28f0396/lxml-6.1.3-cp315-cp315-musllinux_1_2_armv7l.whl", hash = "sha256:6a406d0b3cb207b0fa460ed4dc93e866f44f105da0169361cb18ff998a44c7f0", size = 4744709, upload-time = "2026-09-02T14:50:52.394Z" },
    { url = "https://files.pythonhosted.org/packages/be/2b/224fe7918658ab7c532ac2412f3c1eb28f71e6364fb07566262d0cc6a7b6/lxml-6.1.3-cp315-cp315-musllinux_1_2_ppc64le.whl", hash = "sha256:53258656846f5c48996b882fb4b135885e088a3ad3d96b4bc0530f95124d1f69", size = 5685802, upload-time = "2026-09-02T14:50:55.043Z" },
    { url = "https://files.pythonhosted.org/packages/21/44/7d480819b9adcae5f84dd8ac529132c6b7a578544398225cd20321adcd91/lxml-6.1.3-cp315-cp315-musllinux_1_2_riscv64.whl", hash = "sha256:aa633613ff907ea91b9b0489a1f0da1b8725d8c6ccec6b77e8a1c9c235044bb0", size = 5249019, upload-time = "2026-09-02T14:50:57.985Z" },
    { url = "https://files.pythonhosted.org/packages/72/83/385a267ea1b6b283f2249dd827ef360a295e9db14e13ef4665a120c60d64/lxml-6.1.3-cp315-cp315-musllinux_1_2_x86_64.whl", hash = "sha256:90f709b9accab6b2e4d14f5c8718203877a0486bcb3afd74d8b539ecd1e961d4", size = 5271886, upload-time = "2026-09-02T14:51:01.667Z" },
    { url = "https://files.pythonhosted.org/packages/d8/0d/f967b0eb172ae876855a402d6d9b11fa86e3e0c89ca9bbfeadf7ffbfa719/lxml-6.1.3-cp315-cp315-win32.whl", hash = "sha256:b4fc6b03b9d9d90557274f571ab30e7fbbfc527955536935d96f98b6817a86e4", size = 3662894, upload-time = "2026-09-02T14:51:45.173Z" },
    { url = "https://files.pythonhosted.org/packages/f4/48/d8a8c4160a29e663109ad520bac2deb37fcd014756d024561e8bc3e611ec/lxml-6.1.3-cp315-cp315-win_amd64.whl", hash = "sha256:33cadd956b667997e4de1635fce9541f2e8ede2038fcde8cf55aa14d571d1bad", size = 4074626, upload-time = "2026-09-02T14:51:47.77Z" },
    { url = "https://files.pythonhosted.org/packages/25/20/3e1395d34d19f9254625d0b567b81cf70d37d3417be074f4d63b94a2be3c/lxml-6.1.3-cp315-cp315-win_arm64.whl", hash = "sha256:8a330c0ee5fa318c7b5cbbaad882baeca3f570357e7eb25ab34bf31008150758", size = 3749495, upload-time = "2026-09-02T14:51:50.663Z" },
    { url = "https://files.pythonhosted.org/packages/8f/c6/7465ffd9c43883526a382df6fa4846c9d8d419214f7effbf65270e795471/lxml-6.1.3-cp315-cp315t-macosx_10_15_universal2.whl", hash = "sha256:0bf5a3e397df2ec4258eb5eea4c1ac6cf013ca1abd04a176903bff20a70021fe", size = 8857677, upload-time = "2026-09-02T14:51:05.109Z" },
    { url = "https://files.pythonhosted.org/packages/ed/eb/1f3a917e299df43c8162c3e6f64fc2cea3bcf277910f35bff5b8e5d39901/lxml-6.1.3-cp315-cp315t-macosx_10_15_x86_64.whl", hash = "sha256:13d22c0d57355366b393936acf6b98a5e0edeadddd3fccbc6a846c50a76b8741", size = 4754522, upload-time = "2026-09-02T14:51:08.137Z" },
    { url = "https://files.pythonhosted.org/packages/d7/f9/f81b4bdb6efb7a596be29603d8758154d00a5f545db9f3cef9d9041c8f64/lxml-6.1.3-cp315-cp315t-manylinux_2_26_aarch64.manylinux_2_28_aarch64.whl", hash = "sha256:cad7617727a96d189bd6f979d0fadf765198c7934e85f4edaba9bf3ad919a300", size = 5033744, upload-time = "2026-09-02T14:51:10.633Z" },
    { url = "https://files.pythonhosted.org/packages/c8/0f/26d9bfaacb319c86e0eca8a1a0bf1130d36a7afbd318883e23caea63763d/lxml-6.1.3-cp315-cp315t-manylinux_2_26_ppc64le.manylinux_2_28_ppc64le.whl", hash = "sha256:cae82b5ca24b0c2beedb269f6e2a96f466acd926879ab00ae19f1a65cbf9ffb0", size = 5615269, upload-time = "2026-09-02T14:51:13.357Z" },
    { url = "https://files.pythonhosted.org/packages/5d/90/73675f3f4141350ed65d6fec533b107d4e802c5caa340cf111771edd86e0/lxml-6.1.3-cp315-cp315t-manylinux_2_26_x86_64.manylinux_2_28_x86_64.whl", hash = "sha256:69cafd61aea04ebb3502c93c2aaa568b12931ca0802231e0b5de76bf8b6e74bd", size = 5236280, upload-time = "2026-09-02T14:51:16.051Z" },
    { url = "https://files.pythonhosted.org/packages/fd/be/ed260767e7977de463a0f91f3f4fffcab85c0a2a024a21ffe1fa442c2c79/lxml-6.1.3-cp315-cp315t-manylinux_2_31_armv7l.whl", hash = "sha256:dc205732d593118cf701d986f40e9de7801bb2e371cb189ddbda9b7348f4d97e", size = 4650718, upload-time = "2026-09-02T14:51:19.102Z" },
    { url = "https://files.pythonhosted.org/packages/d0/fd/e9839d03b1e767f2725cf7d7d81b80d5f3f9fdc10ad8827e2479311b046e/lxml-6.1.3-cp315-cp315t-manylinux_2_38_riscv64.manylinux_2_39_riscv64.whl", hash = "sha256:88e719b9437f148f7e1465df845c758dd1598618cbea3a2fd1e61a715542f2b2", size = 5243376, upload-time = "2026-09-02T14:51:21.606Z" },
    { url = "https://files.pythonhosted.org/packages/34/a5/4606e347e2788c301f677004aa83e28d24da9fe663a24380122af57be6fc/lxml-6.1.3-cp315-cp315t-musllinux_1_2_aarch64.whl", hash = "sha256:40983eabefd13da003e68170928c7acc011f0d095eefce5871a3c71c9385fb9a", size = 5092340, upload-time = "2026-09-02T14:51:24.21Z" },
    { url = "https://files.pythonhosted.org/packages/ea/99/3314a8661cdf30f493c55a87db283961dfaae08451976a2ca418958e1804/lxml-6.1.3-cp315-cp315t-musllinux_1_2_armv7l.whl", hash = "sha256:fad67b12ffe0f71e02b4932b04883cbc76a9072bbd30731409d3523cf058b011", size = 4758768, upload-time = "2026-09-02T14:51:26.813Z" },
    { url = "https://files.pythonhosted.org/packages/30/58/3bdc577f78ea8b7d72d39a84506f7001d5b28728f43e5b84891e3b7d9a4a/lxml-6.1.3-cp315-cp315t-musllinux_1_2_ppc64le.whl", hash = "sha256:6cd11e7550d89e551a87dcec30f04b1fca32e86b68708aa01a4daa455d8605e5", size = 5649546, upload-time = "2026-09-02T14:51:29.453Z" },
    { url = "https://files.pythonhosted.org/packages/6a/e4/652633de1a2395949ebb7a8fc7d089aba12a2b45f0fefbc9d29e3e3ab3cf/lxml-6.1.3-cp315-cp315t-musllinux_1_2_riscv64.whl", hash = "sha256:ca0ec532ad2f5ba1e5ec120ac157769c57f01855b3d8bf37213f5d88abd9ba0a", size = 5234874, upload-time = "2026-09-02T14:51:32.262Z" },
    { url = "https://files.pythonhosted.org/packages/65/a6/c4581d171de30449304b4859bbd3607e9b40da13c0f88b68e6097c8d785e/lxml-6.1.3-cp315-cp315t-musllinux_1_2_x86_64.whl", hash = "sha256:e99e09ab7741f1281e2677f4c0058c7f5267d182530b09c87e4f6aa26adf3887", size = 5260043, upload-time = "2026-09-02T14:51:34.841Z" },
    { url = "https://files.pythonhosted.org/packages/b8/d7/ed6ee6186a89e69ca4ea9658b2a278f46a5efe8b5d4db56c7197f18653fe/lxml-6.1.3-cp315-cp315t-win32.whl", hash = "sha256:ace1d2c83b2bd24db5940600541140e87a325e119cb32d5fa9ad720d7e76648e", size = 3901093, upload-time = "2026-09-02T14:51:37.234Z" },
    { url = "https://files.pythonhosted.org/packages/67/9d/11d10257a4a048d04195d638bb61f0246ce2448eb05f682bcbab25a257a8/lxml-6.1.3-cp315-cp315t-win_amd64.whl", hash = "sha256:b49638355ea3bebba70da783ccbc630fd72afa16bc46c54474bfa1f9a915bbc6", size = 4395446, upload-time = "2026-09-02T14:51:39.884Z" },
    { url = "https://files.pythonhosted.org/packages/f8/b7/44edd7de434181c582892e68d1ffe6775ca403ce14aea07cb5a218a936cf/lxml-6.1.3-cp315-cp315t-win_arm64.whl", hash = "sha256:5a721a98c649855963811b59b55755b30566e7f7fc40bdc9803d66dee9f811cf", size = 3822836, upload-time = "2026-09-02T14:51:42.471Z" },
]

[[package]]
name = "pyrefly"
version = "1.3.0"
source = { registry = "https://pypi.org/simple" }
sdist = { url = "https://files.pythonhosted.org/packages/7d/82/df301034ff7705b51ab212039958910434e1e9bd4765cde435538221fc35/pyrefly-1.3.0.tar.gz", hash = "sha256:e96a0bf3abdc41cf40f7d2ef274bb610f4e6e4b387b366aea102902839073388", size = 6678024, upload-time = "2026-09-11T00:41:37.196Z" }
wheels = [
    { url = "https://files.pythonhosted.org/packages/36/98/47bf19b6caef77852c7e1c03d71ef48a5f452bf041503d883e0bca6fc4c8/pyrefly-1.3.0-py3-none-macosx_10_12_x86_64.whl", hash = "sha256:dd6c61e4c307eaaf3cf25fb329c4e7c9ff0376c42d5900362be2fd3333578a69", size = 15088089, upload-time = "2026-09-11T00:41:11.046Z" },
    { url = "https://files.pythonhosted.org/packages/4c/77/454615aa5db04903c99ced321295e32242c4b188be1a08f40b617ed72984/pyrefly-1.3.0-py3-none-macosx_11_0_arm64.whl", hash = "sha256:14c56defaa804747f18e03d11b539e71b71c8251a2b9f58e73dea80e2f6adfd9", size = 14431422, upload-time = "2026-09-11T00:41:13.61Z" },
    { url = "https://files.pythonhosted.org/packages/01/f2/142e190b9432f802682b0b0794f71e2010e936de0541492cc43678d647af/pyrefly-1.3.0-py3-none-manylinux_2_17_aarch64.manylinux2014_aarch64.whl", hash = "sha256:64285b1261681933f97cb11f3ba2e4445ff02a266707e4e2b7a279db0424c9f2", size = 14880659, upload-time = "2026-09-11T00:41:15.947Z" },
    { url = "https://files.pythonhosted.org/packages/d9/2f/60598fe38f29f22d11d9f4b5c7fee1cbbb0d5b0cb7db6b373761d57f5f75/pyrefly-1.3.0-py3-none-manylinux_2_17_i686.manylinux2014_i686.whl", hash = "sha256:46a90d6e48415dfa5d8d9c94ea5b9b61d7149dab87348952f2e000cf45145664", size = 16116073, upload-time = "2026-09-11T00:41:18.547Z" },
    { url = "https://files.pythonhosted.org/packages/c2/0a/33e49756fe3341dbb13789622cb8c9b6350d2710ceb47b8b0521f134ceea/pyrefly-1.3.0-py3-none-manylinux_2_17_ppc64le.manylinux2014_ppc64le.whl", hash = "sha256:e0cc33b35204b8e1b09396313024580d25a041de2f2f527e6496fc099282b967", size = 16049648, upload-time = "2026-09-11T00:41:21.255Z" },
    { url = "https://files.pythonhosted.org/packages/b0/fe/be59429726af4c0c3585951a937232d957182364cd2a621f74f4298a176e/pyrefly-1.3.0-py3-none-manylinux_2_17_x86_64.manylinux2014_x86_64.whl", hash = "sha256:e94ff692911596d257462320a2ef1435c93c20c80d631404961282f4cc22a6cc", size = 15439725, upload-time = "2026-09-11T00:41:23.572Z" },
    { url = "https://files.pythonhosted.org/packages/2b/73/bb834e88afea6c0de6960be2102c0cc1d817193c1efc3f6db9b450df191c/pyrefly-1.3.0-py3-none-musllinux_1_2_aarch64.whl", hash = "sha256:5705bec5438aa4e3b65b0d2ea7613f6bdbdc57f8848bd4b7940bbab37f230d8c", size = 14900386, upload-time = "2026-09-11T00:41:25.717Z" },
    { url = "https://files.pythonhosted.org/packages/c7/64/1adbc6ece9090bbd2e4ed1300918ab709166119426a21102639912ea65bb/pyrefly-1.3.0-py3-none-musllinux_1_2_x86_64.whl", hash = "sha256:fe60cb6d7cdf6c9bb236c0a7efc4b9839cfe7ef834b07d637862f95a642699ef", size = 15478065, upload-time = "2026-09-11T00:41:28.049Z" },
    { url = "https://files.pythonhosted.org/packages/d0/5c/e1351611d2e205718394237381220ab70f0e21cb297db024eafead19acf9/pyrefly-1.3.0-py3-none-win32.whl", hash = "sha256:4fb4cd5e5007e99208e44f749edaf37a03c0a56c98da7422c2dd60fde0f294b0", size = 14130445, upload-time = "2026-09-11T00:41:30.401Z" },
    { url = "https://files.pythonhosted.org/packages/3c/92/1d78e2ab1f9f1055ea43164d336903c95e608bede06ed182dc4b4f2c5390/pyrefly-1.3.0-py3-none-win_amd64.whl", hash = "sha256:f809fa5b447012adb8861efeb8f6435146788a39d9251d79dc38731a5d241893", size = 15067598, upload-time = "2026-09-11T00:41:32.582Z" },
    { url = "https://files.pythonhosted.org/packages/b3/6f/459f56dc345c32f8597acef13675e7e67679fb56bc3fd8f0a280eaeb8c02/pyrefly-1.3.0-py3-none-win_arm64.whl", hash = "sha256:3a3fb7c07dfb9b43d4205d8e85a83aaefc85377d0437dc8469c132836a8a7e5d", size = 14347403, upload-time = "2026-09-11T00:41:35.01Z" },
]

[[package]]
name = "ruff"
version = "0.16.7"
source = { registry = "https://pypi.org/simple" }
sdist = { url = "https://files.pythonhosted.org/packages/82/bb/5a449b9162e49b139d72f61672bd3ac1d790221f796d3304e2241fff4c58/ruff-0.16.7.tar.gz", hash = "sha256:5f71d004ac1263b22fa39462ac5ae618a4b77d58981af2cc79bf79a29c12b1a6", size = 4924184, upload-time = "2026-09-10T18:04:06.336Z" }
wheels = [
    { url = "https://files.pythonhosted.org/packages/e3/b2/c80aeeb7f9e469c0d63a85d2f1ab6e1ebfbe10ea7a8d2438b7e09e3ff09e/ruff-0.16.7-py3-none-linux_armv6l.whl", hash = "sha256:727307773e7c7f9181d3ed3a2484186e56c1fa1874255911c74585eb2c7c19f9", size = 10048917, upload-time = "2026-09-10T18:03:30.28Z" },
    { url = "https://files.pythonhosted.org/packages/7b/96/20bb7bcae008004df52afcb7ac83432d4a467f2c17b672fe46d26be231c5/ruff-0.16.7-py3-none-macosx_10_12_x86_64.whl", hash = "sha256:9d61c258deabf58f34c67bd4bb4d939c7f2e6b5f0e59c1cdd1cf771b11cde929", size = 10242929, upload-time = "2026-09-10T18:03:32.706Z" },
    { url = "https://files.pythonhosted.org/packages/90/b2/f184b0d5abec02db69cfd7e49b688ae0237554528ca777136c613bf36bee/ruff-0.16.7-py3-none-macosx_11_0_arm64.whl", hash = "sha256:7ab81118df8945e0193d0240712aa4496573595b75185c3636ed825592a0f728", size = 9847245, upload-time = "2026-09-10T18:03:34.509Z" },
    { url = "https://files.pythonhosted.org/packages/eb/2d/db1633a641866ed801e34cc6b60ef236c5e16f9b2124ab1d49cc24a5fe4f/ruff-0.16.7-py3-none-manylinux_2_17_aarch64.manylinux2014_aarch64.whl", hash = "sha256:4c196c968874fc8019da8e7163de7a1a370f111e2309b4b7dfea0fce950198d0", size = 9961780, upload-time = "2026-09-10T18:03:36.618Z" },
    { url = "https://files.pythonhosted.org/packages/4d/98/edea21e1a3e38dbbc3bf6bb068b863b3b06184cf8533a4c7dbbe208a89d5/ruff-0.16.7-py3-none-manylinux_2_17_armv7l.manylinux2014_armv7l.whl", hash = "sha256:ac8c3bd0a7e10ad31e6ce51e7a99f3cb772e69aecdd6b9ea7e99b362f62a62c0", size = 9866337, upload-time = "2026-09-10T18:03:38.805Z" },
    { url = "https://files.pythonhosted.org/packages/0b/11/a15e60d4c87b214646f116ca9d204475bf993ee1047459bc9a360fd4d6d1/ruff-0.16.7-py3-none-manylinux_2_17_i686.manylinux2014_i686.whl", hash = "sha256:398d3988edde000b5c75dc1b3f584708da9bc990de069c18909142580fec1af9", size = 10562512, upload-time = "2026-09-10T18:03:40.71Z" },
    { url = "https://files.pythonhosted.org/packages/29/42/eaff4c9b6d0c7cdf56df313a17e89ae854f5bbc0b0c8f9cce19be0ab7a8f/ruff-0.16.7-py3-none-manylinux_2_17_ppc64le.manylinux2014_ppc64le.whl", hash = "sha256:ce05b62b770a8217c4646a9c4139fca00efe8fe5d71f87df2b243ff20d4584d1", size = 11302938, upload-time = "2026-09-10T18:03:42.607Z" },
    { url = "https://files.pythonhosted.org/packages/5d/43/c75aa59a4ec181fe2ec06cab30e198c1c6d107229a9f008ae3a7c16cabd8/ruff-0.16.7-py3-none-manylinux_2_17_s390x.manylinux2014_s390x.whl", hash = "sha256:af1b576fddb9d9ef2ececfb5fadcd6a624b25070ed85e3cfcfe449fc3ff6a7b9", size = 10840857, upload-time = "2026-09-10T18:03:44.604Z" },
    { url = "https://files.pythonhosted.org/packages/21/33/81f3da371942ea031105ba679d8d6e28ec1660ccd690a45f42d381161356/ruff-0.16.7-py3-none-manylinux_2_17_x86_64.manylinux2014_x86_64.whl", hash = "sha256:9ce7f8f22df67c93ed96c717f9128eadb797144ac2bad475cf536f31d6100c55", size = 10370001, upload-time = "2026-09-10T18:03:46.706Z" },
    { url = "https://files.pythonhosted.org/packages/fa/0b/6345fb4dbf6dd0ed1cfe5d18391dc9c3f59cc81622a7b0a65b84b3e730ba/ruff-0.16.7-py3-none-manylinux_2_31_riscv64.whl", hash = "sha256:06d0e93d04f392996435ebd600c153f65b47d73fbec2415aa99c5ee5756b3a5f", size = 10548735, upload-time = "2026-09-10T18:03:48.658Z" },
    { url = "https://files.pythonhosted.org/packages/3f/4d/c5576adf511f92a328e5569dda190ecdd430da51f1a649f3a4a2fd73e21e/ruff-0.16.7-py3-none-musllinux_1_2_aarch64.whl", hash = "sha256:142151a5e7b93c1b11111337142f89dd2fbfee92161225c99a97222f22e32656", size = 10108496, upload-time = "2026-09-10T18:03:50.563Z" },
    { url = "https://files.pythonhosted.org/packages/ff/8c/667d83c16199a17a56adc6b0bd4c3beb5b767a2babcd16a56f76f9be7fd6/ruff-0.16.7-py3-none-musllinux_1_2_armv7l.whl", hash = "sha256:e6651f97a342d8b35d54d8991544ca22169b86dc54111cb604666940c431b750", size = 9860136, upload-time = "2026-09-10T18:03:52.621Z" },
    { url = "https://files.pythonhosted.org/packages/99/75/78d401106731999a1dd20cc5a6961e37e1eb9397a3b589f73f3a5ce146a3/ruff-0.16.7-py3-none-musllinux_1_2_i686.whl", hash = "sha256:ef140c6eb935fa9a84c9c607dfb2cb1b85843c192e79265b0c54f35f557ea8e5", size = 10286290, upload-time = "2026-09-10T18:03:55.207Z" },
    { url = "https://files.pythonhosted.org/packages/68/49/56f9c3a8b755df93a0ad318b2147bf4ef5dae9a7e5ec61c460109c67957f/ruff-0.16.7-py3-none-musllinux_1_2_x86_64.whl", hash = "sha256:53e39506a730fadeee0d998ed5946f30671f0db240c6c7c73bdabbe33604bb6f", size = 10745048, upload-time = "2026-09-10T18:03:57.299Z" },
    { url = "https://files.pythonhosted.org/packages/5f/ea/7f9b938a63ece4bec677ad7f9f7fa02df3383db1949ed93a382441c09a87/ruff-0.16.7-py3-none-win32.whl", hash = "sha256:2ea3470fcebcbc5df2fb0c6f3b90333fa9084c534e0111c038fa4a6ab9f1c4b7", size = 10059082, upload-time = "2026-09-10T18:03:59.632Z" },
    { url = "https://files.pythonhosted.org/packages/39/11/480a6973a927aa653e1cead6a6416008640e03a99d05b34c0434b8c6c366/ruff-0.16.7-py3-none-win_amd64.whl", hash = "sha256:7ac26aca826e9e21d0f1cb25b54ac660760a9fdd094d3e4df9848232be98cfc6", size = 10593368, upload-time = "2026-09-10T18:04:01.999Z" },
    { url = "https://files.pythonhosted.org/packages/8b/4b/51327018d056f0dad2c2238f26d1fb0f53707a9d91b75dea6d1b3039f136/ruff-0.16.7-py3-none-win_arm64.whl", hash = "sha256:aab7f39e2c9df6c596216070f98eef1207b94f8516cca20c808826974971855b", size = 10412401, upload-time = "2026-09-10T18:04:04.098Z" },
]

[[package]]
name = "soupsieve"
version = "2.9.2"
source = { registry = "https://pypi.org/simple" }
sdist = { url = "https://files.pythonhosted.org/packages/69/99/a6ca3beb3ccacb41fb3321d8a60e5566f9e6467601ef8eba6a17e1b89778/soupsieve-2.9.2.tar.gz", hash = "sha256:4a55d8cf158a9c2e587fa4922f1bbb91d68ac829e2d6f25403a85747c71daf74", size = 122445, upload-time = "2026-08-07T00:57:24.801Z" }
wheels = [
    { url = "https://files.pythonhosted.org/packages/eb/dc/ad025c1ee131eba60c69f4dd5779b18fcf1e6b21a343e2162a84d5d133c7/soupsieve-2.9.2-py3-none-any.whl", hash = "sha256:8089a26fd974ca7a1f30276d3d8492ab266ab15af581642dfe8aa162e0c1c823", size = 37370, upload-time = "2026-08-07T00:57:23.524Z" },
]

[[package]]
name = "takserver-tools"
version = "0.0.0"
source = { virtual = "." }
dependencies = [
    { name = "lxml" },
]

[package.dev-dependencies]
dev = [
    { name = "pyrefly" },
    { name = "ruff" },
    { name = "types-lxml" },
]

[package.metadata]
requires-dist = [{ name = "lxml", specifier = ">=6.1.3,<7" }]

[package.metadata.requires-dev]
dev = [
    { name = "pyrefly", specifier = "==1.3.0" },
    { name = "ruff", specifier = "==0.16.7" },
    { name = "types-lxml", specifier = "==2026.2.16" },
]

[[package]]
name = "types-html5lib"
version = "1.1.11.20260518"
source = { registry = "https://pypi.org/simple" }
dependencies = [
    { name = "types-webencodings" },
]
sdist = { url = "https://files.pythonhosted.org/packages/b8/5a/0c708d1b0d35ad48b6a223c77c4a882fd016b40c25becb082a92e02a9c00/types_html5lib-1.1.11.20260518.tar.gz", hash = "sha256:4f33c087cb1119d65c4c80eca4323c2b501f9eaf8af9616b8b732ed4d8eae8fa", size = 18420, upload-time = "2026-05-18T06:07:23.662Z" }
wheels = [
    { url = "https://files.pythonhosted.org/packages/4d/d0/b088b9f11eb69637d6826843f06caaff60247156735a25512922d3dc2c13/types_html5lib-1.1.11.20260518-py3-none-any.whl", hash = "sha256:9baa7912224ebb37027c5ccb7e3768e43ea47b1dfdd977e7ddc4b0a4a550584d", size = 24339, upload-time = "2026-05-18T06:07:22.876Z" },
]

[[package]]
name = "types-lxml"
version = "2026.2.16"
source = { registry = "https://pypi.org/simple" }
dependencies = [
    { name = "beautifulsoup4" },
    { name = "cssselect" },
    { name = "types-html5lib" },
    { name = "typing-extensions" },
]
sdist = { url = "https://files.pythonhosted.org/packages/dd/ad/c70ac8cbdc28eb58a17301c69b4925af54b614e47f9b2ebc9de5cc10f786/types_lxml-2026.2.16.tar.gz", hash = "sha256:b3a1340cc06db98d541c785732f6f68bea438daff4e2b7809ef748d545d01406", size = 161204, upload-time = "2026-02-17T02:34:50.855Z" }
wheels = [
    { url = "https://files.pythonhosted.org/packages/5f/5c/03ec9befbf4bb5309bfd576c6a5ac1c75633f78f6b64cf1f594e97cd3d23/types_lxml-2026.2.16-py3-none-any.whl", hash = "sha256:5dd81ffa54830e5f361988737c5f1d6a0ae48b2742790637ec560df790ea0401", size = 97040, upload-time = "2026-02-17T02:34:49.286Z" },
]

[[package]]
name = "types-webencodings"
version = "0.6.0.20260907"
source = { registry = "https://pypi.org/simple" }
sdist = { url = "https://files.pythonhosted.org/packages/01/74/b83cf1d523516bc818ffe6fa7c2f5504e0eeee7c5c394ecc1b404f95fe92/types_webencodings-0.6.0.20260907.tar.gz", hash = "sha256:efa85bc5114419ed45aec227ca5051cca63fa3e2bd13fcf79017ee4107603efc", size = 7748, upload-time = "2026-09-07T06:43:22.142Z" }
wheels = [
    { url = "https://files.pythonhosted.org/packages/42/e7/dc1ea506e123c437c4551c35498eaade289f52d7f7ddf3f77cf94f0675dc/types_webencodings-0.6.0.20260907-py3-none-any.whl", hash = "sha256:86dc9b5a14665b24d5d7d061149c8c3f50355243df5ef285bf816c2e2cc093d5", size = 8584, upload-time = "2026-09-07T06:43:21.177Z" },
]

[[package]]
name = "typing-extensions"
version = "4.16.0"
source = { registry = "https://pypi.org/simple" }
sdist = { url = "https://files.pythonhosted.org/packages/f6/cc/6253133b5bb138fc3306cebfbda2c520f545d36b5be2c7255cc528bb45d6/typing_extensions-4.16.0.tar.gz", hash = "sha256:dc983d19a509c94dba722ee6abd33940f7c05a89e243c47e907eb4db6f1a43e5", size = 113555, upload-time = "2026-07-02T08:40:05.92Z" }
wheels = [
    { url = "https://files.pythonhosted.org/packages/49/d3/b8441a820a491ddfc024b0b0cf0393375b75ea13866d9c66727e54c2fc80/typing_extensions-4.16.0-py3-none-any.whl", hash = "sha256:481caa481374e813c1b176ada14e97f1f67a4539ce9cfeb3f350d78d6370c2e8", size = 45571, upload-time = "2026-07-02T08:40:04.659Z" },
]
